{
  "name": "0.4.6",
  "lockfileVersion": 3,
  "requires": true,
  "packages": {
    "": {
      "dependencies": {
        "kinesis-local": "^0.4.6"
      }
    },
    "node_modules/kinesis-local": {
      "version": "0.4.6",
      "resolved": "https://registry.npmjs.org/kinesis-local/-/kinesis-local-0.4.6.tgz",
      "integrity": "sha512-DkXSYRgtAmFIg3pSZfcJLAoCQ3ELxQYAZAlUmH5SgmOUeCe1ZS+4OnCMVG+38oeKtEQJOT8Ggk6S/gSQFbeOGA==",
      "dependencies": {
        "punycode": "2.1.1"
      },
      "bin": {
        "kinesis-local": "main.js"
      }
    },
    "node_modules/punycode": {
      "version": "2.1.1",
      "resolved": "https://registry.npmjs.org/punycode/-/punycode-2.1.1.tgz",
      "integrity": "sha512-XRsRjdf+j5ml+y/6GKHPZbrF/8p2Yga0JPtdqTIY2Xe5ohJPD9saDJJLPvp9+NSBprVvevdXZybnj2cv8OEd0A==",
      "engines": {
        "node": ">=6"
      }
    }
  }
}
